
Microsoft Visual Studio Solution File, Format Version 12.00
# Visual Studio Version 17
VisualStudioVersion = 17.11.35327.3
MinimumVisualStudioVersion = 10.0.40219.1
Project("{9A19103F-16F7-4668-BE54-9A1E7A4F7556}") = "BienComun.Api", "BienComun.Api\BienComun.Api.csproj", "{F09CEFDE-4D56-4235-AFB9-ACBA9D098B35}"
EndProject
Project("{9A19103F-16F7-4668-BE54-9A1E7A4F7556}") = "BienComun.Core", "Core\BienComun.Core.csproj", "{BE67AC96-A9B8-44CF-B603-E2C649F4D471}"
EndProject
Project("{9A19103F-16F7-4668-BE54-9A1E7A4F7556}") = "BienComun.Infrastructure", "Infrastructure\BienComun.Infrastructure.csproj", "{A813D1E5-3CA6-48B0-833E-1083A73ECA7A}"
EndProject
Project("{9A19103F-16F7-4668-BE54-9A1E7A4F7556}") = "BienComun.Application", "Application\BienComun.Application.csproj", "{4AB90F79-79C8-4FC1-A7B2-988A6B589081}"
EndProject
Global
	GlobalSection(SolutionConfigurationPlatforms) = preSolution
		Debug|Any CPU = Debug|Any CPU
		Release|Any CPU = Release|Any CPU
	EndGlobalSection
	GlobalSection(ProjectConfigurationPlatforms) = postSolution
		{F09CEFDE-4D56-4235-AFB9-ACBA9D098B35}.Debug|Any CPU.ActiveCfg = Debug|Any CPU
		{F09CEFDE-4D56-4235-AFB9-ACBA9D098B35}.Debug|Any CPU.Build.0 = Debug|Any CPU
		{F09CEFDE-4D56-4235-AFB9-ACBA9D098B35}.Release|Any CPU.ActiveCfg = Release|Any CPU
		{F09CEFDE-4D56-4235-AFB9-ACBA9D098B35}.Release|Any CPU.Build.0 = Release|Any CPU
		{BE67AC96-A9B8-44CF-B603-E2C649F4D471}.Debug|Any CPU.ActiveCfg = Debug|Any CPU
		{BE67AC96-A9B8-44CF-B603-E2C649F4D471}.Debug|Any CPU.Build.0 = Debug|Any CPU
		{BE67AC96-A9B8-44CF-B603-E2C649F4D471}.Release|Any CPU.ActiveCfg = Release|Any CPU
		{BE67AC96-A9B8-44CF-B603-E2C649F4D471}.Release|Any CPU.Build.0 = Release|Any CPU
		{A813D1E5-3CA6-48B0-833E-1083A73ECA7A}.Debug|Any CPU.ActiveCfg = Debug|Any CPU
		{A813D1E5-3CA6-48B0-833E-1083A73ECA7A}.Debug|Any CPU.Build.0 = Debug|Any CPU
		{A813D1E5-3CA6-48B0-833E-1083A73ECA7A}.Release|Any CPU.ActiveCfg = Release|Any CPU
		{A813D1E5-3CA6-48B0-833E-1083A73ECA7A}.Release|Any CPU.Build.0 = Release|Any CPU
		{4AB90F79-79C8-4FC1-A7B2-988A6B589081}.Debug|Any CPU.ActiveCfg = Debug|Any CPU
		{4AB90F79-79C8-4FC1-A7B2-988A6B589081}.Debug|Any CPU.Build.0 = Debug|Any CPU
		{4AB90F79-79C8-4FC1-A7B2-988A6B589081}.Release|Any CPU.ActiveCfg = Release|Any CPU
		{4AB90F79-79C8-4FC1-A7B2-988A6B589081}.Release|Any CPU.Build.0 = Release|Any CPU
	EndGlobalSection
	GlobalSection(SolutionProperties) = preSolution
		HideSolutionNode = FALSE
	EndGlobalSection
	GlobalSection(ExtensibilityGlobals) = postSolution
		SolutionGuid = {CB7FD5A3-F270-458D-89C2-C074F1E4918B}
	EndGlobalSection
EndGlobal
